go4.org/netipx v0.0.0-20220925034521-797b0c90d8ab h1:+yW1yrZ09EYNu1spCUOHBBNRbrLnfmutwyhbhCv3b6Q=
go4.org/netipx v0.0.0-20220925034521-797b0c90d8ab/go.mod h1:tgPU4N2u9RByaTN3NC2p9xOzyFpte4jYwsIIRF7XlSc=
golang.org/x/sync v0.7.0 h1:YsImfSBoP9QPYL0xyKJPq0gcaJdG3rInoqxTWbfQu9M=
golang.org/x/sync v0.7.0/go.mod h1:Czt+wKu1gCyEFDUtn0jG5QVvpJ6rzVqr5aXyt9drQfk=
